
Microsoft Visual Studio Solution File, Format Version 12.00
# Visual Studio Version 17
VisualStudioVersion = 17.8.34330.188
MinimumVisualStudioVersion = 10.0.40219.1
Project("{9A19103F-16F7-4668-BE54-9A1E7A4F7556}") = "LCCTemplate", "LoCClassificationTemplate\LCCTemplate.csproj", "{C7E1B161-019D-43CB-8317-7715D9B549E1}"
EndProject
Global
	GlobalSection(SolutionConfigurationPlatforms) = preSolution
		Debug|Any CPU = Debug|Any CPU
		Release|Any CPU = Release|Any CPU
	EndGlobalSection
	GlobalSection(ProjectConfigurationPlatforms) = postSolution
		{C7E1B161-019D-43CB-8317-7715D9B549E1}.Debug|Any CPU.ActiveCfg = Debug|Any CPU
		{C7E1B161-019D-43CB-8317-7715D9B549E1}.Debug|Any CPU.Build.0 = Debug|Any CPU
		{C7E1B161-019D-43CB-8317-7715D9B549E1}.Release|Any CPU.ActiveCfg = Release|Any CPU
		{C7E1B161-019D-43CB-8317-7715D9B549E1}.Release|Any CPU.Build.0 = Release|Any CPU
	EndGlobalSection
	GlobalSection(SolutionProperties) = preSolution
		HideSolutionNode = FALSE
	EndGlobalSection
	GlobalSection(ExtensibilityGlobals) = postSolution
		SolutionGuid = {66FF8AF4-F802-4C25-8292-3B538C151490}
	EndGlobalSection
EndGlobal
